
Microsoft Visual Studio Solution File, Format Version 12.00
# Visual Studio Version 16
VisualStudioVersion = 16.0.28803.202
MinimumVisualStudioVersion = 10.0.40219.1
Project("{FAE04EC0-301F-11D3-BF4B-00C04F79EFBC}") = "ConsoleApp1", "ConsoleApp1.csproj", "{4D265A21-ED49-4F5D-B195-E7511AC6153D}"
EndProject
Global
	GlobalSection(SolutionConfigurationPlatforms) = preSolution
		Debug|Any CPU = Debug|Any CPU
		Release|Any CPU = Release|Any CPU
	EndGlobalSection
	GlobalSection(ProjectConfigurationPlatforms) = postSolution
		{4D265A21-ED49-4F5D-B195-E7511AC6153D}.Debug|Any CPU.ActiveCfg = Debug|Any CPU
		{4D265A21-ED49-4F5D-B195-E7511AC6153D}.Debug|Any CPU.Build.0 = Debug|Any CPU
		{4D265A21-ED49-4F5D-B195-E7511AC6153D}.Release|Any CPU.ActiveCfg = Release|Any CPU
		{4D265A21-ED49-4F5D-B195-E7511AC6153D}.Release|Any CPU.Build.0 = Release|Any CPU
	EndGlobalSection
	GlobalSection(SolutionProperties) = preSolution
		HideSolutionNode = FALSE
	EndGlobalSection
	GlobalSection(ExtensibilityGlobals) = postSolution
		SolutionGuid = {47AA0A34-52CF-4EFE-9D6A-A770AE438334}
	EndGlobalSection
EndGlobal
