
Microsoft Visual Studio Solution File, Format Version 12.00
# Visual Studio Version 16
VisualStudioVersion = 16.0.28803.202
MinimumVisualStudioVersion = 10.0.40219.1
Project("{9A19103F-16F7-4668-BE54-9A1E7A4F7556}") = "PigLatin", "PigLatin.csproj", "{3F967C6B-6BB8-409F-B0B9-2223DB63AB93}"
EndProject
Global
	GlobalSection(SolutionConfigurationPlatforms) = preSolution
		Debug|Any CPU = Debug|Any CPU
		Release|Any CPU = Release|Any CPU
	EndGlobalSection
	GlobalSection(ProjectConfigurationPlatforms) = postSolution
		{3F967C6B-6BB8-409F-B0B9-2223DB63AB93}.Debug|Any CPU.ActiveCfg = Debug|Any CPU
		{3F967C6B-6BB8-409F-B0B9-2223DB63AB93}.Debug|Any CPU.Build.0 = Debug|Any CPU
		{3F967C6B-6BB8-409F-B0B9-2223DB63AB93}.Release|Any CPU.ActiveCfg = Release|Any CPU
		{3F967C6B-6BB8-409F-B0B9-2223DB63AB93}.Release|Any CPU.Build.0 = Release|Any CPU
	EndGlobalSection
	GlobalSection(SolutionProperties) = preSolution
		HideSolutionNode = FALSE
	EndGlobalSection
	GlobalSection(ExtensibilityGlobals) = postSolution
		SolutionGuid = {1F81BAD2-5A07-45D2-9090-2D35DBBD2D19}
	EndGlobalSection
EndGlobal
